{
  "lockfileVersion": 1,
  "dependencies": {
    "@material/animation": {
      "version": "0.2.3",
      "resolved": "https://registry.npmjs.org/@material/animation/-/animation-0.2.3.tgz",
      "integrity": "sha1-JfJJYs1knnZFmharI0t4Rqen9Bk="
    },
    "@material/auto-init": {
      "version": "0.1.2",
      "resolved": "https://registry.npmjs.org/@material/auto-init/-/auto-init-0.1.2.tgz",
      "integrity": "sha1-ptX4jv/wjAh+U/VcLN+7Is5vSQE="
    },
    "@material/base": {
      "version": "0.2.1",
      "resolved": "https://registry.npmjs.org/@material/base/-/base-0.2.1.tgz",
      "integrity": "sha1-EgbfZdoLzeXfRueLTWCh4J/cQcs="
    },
    "@material/button": {
      "version": "0.3.8",
      "resolved": "https://registry.npmjs.org/@material/button/-/button-0.3.8.tgz",
      "integrity": "sha1-R4dKSHmDLaSYkLwqFsbL+OsNwRg="
    },
    "@material/card": {
      "version": "0.2.4",
      "resolved": "https://registry.npmjs.org/@material/card/-/card-0.2.4.tgz",
      "integrity": "sha1-CXsyMa6AfiLAtK4wocDmjyb9vEw="
    },
    "@material/checkbox": {
      "version": "0.3.7",
      "resolved": "https://registry.npmjs.org/@material/checkbox/-/checkbox-0.3.7.tgz",
      "integrity": "sha1-USy0hkHwydaa9kRVDk7e+ucpSqw="
    },
    "@material/dialog": {
      "version": "0.3.2",
      "resolved": "https://registry.npmjs.org/@material/dialog/-/dialog-0.3.2.tgz",
      "integrity": "sha1-/7Uvh+qLfdI7x+4l4WoFUqN8d5Y=",
      "dependencies": {
        "@material/typography": {
          "version": "0.1.1",
          "resolved": "https://registry.npmjs.org/@material/typography/-/typography-0.1.1.tgz",
          "integrity": "sha1-+y40N70yhNOen7kUhXZ63msr0ME="
        }
      }
    },
    "@material/drawer": {
      "version": "0.5.1",
      "resolved": "https://registry.npmjs.org/@material/drawer/-/drawer-0.5.1.tgz",
      "integrity": "sha1-dJOLiXg/nYLQbB0QKl4UMkHQnZg="
    },
    "@material/elevation": {
      "version": "0.1.9",
      "resolved": "https://registry.npmjs.org/@material/elevation/-/elevation-0.1.9.tgz",
      "integrity": "sha1-1UwRucV4VQcqt8WWNri2qHh8dvQ="
    },
    "@material/fab": {
      "version": "0.3.10",
      "resolved": "https://registry.npmjs.org/@material/fab/-/fab-0.3.10.tgz",
      "integrity": "sha1-c8zfrt8A1lAvRqJxH81+ZPCzDu8="
    },
    "@material/form-field": {
      "version": "0.2.8",
      "resolved": "https://registry.npmjs.org/@material/form-field/-/form-field-0.2.8.tgz",
      "integrity": "sha1-VAejcVZpMO6o7TKV4k7gGNrBwWw="
    },
    "@material/grid-list": {
      "version": "0.2.5",
      "resolved": "https://registry.npmjs.org/@material/grid-list/-/grid-list-0.2.5.tgz",
      "integrity": "sha1-IP6N5dkVl8rgMYDmO8rijpxmLEY="
    },
    "@material/icon-toggle": {
      "version": "0.1.13",
      "resolved": "https://registry.npmjs.org/@material/icon-toggle/-/icon-toggle-0.1.13.tgz",
      "integrity": "sha1-RDjNdgLjp47kzbD171X7jP0iKtI="
    },
    "@material/layout-grid": {
      "version": "0.3.0",
      "resolved": "https://registry.npmjs.org/@material/layout-grid/-/layout-grid-0.3.0.tgz",
      "integrity": "sha1-5KmdcPZPA6P3tYewvIMtGzu/jEg="
    },
    "@material/linear-progress": {
      "version": "0.1.3",
      "resolved": "https://registry.npmjs.org/@material/linear-progress/-/linear-progress-0.1.3.tgz",
      "integrity": "sha1-XqI49ly5UApi4RsJdvjMqmIC08g="
    },
    "@material/list": {
      "version": "0.2.11",
      "resolved": "https://registry.npmjs.org/@material/list/-/list-0.2.11.tgz",
      "integrity": "sha1-kQDhk3G50cAExjDKFNZb+56OAd0="
    },
    "@material/menu": {
      "version": "0.4.0",
      "resolved": "https://registry.npmjs.org/@material/menu/-/menu-0.4.0.tgz",
      "integrity": "sha1-BR71VLM88mqZZhLztnVImFUzDOQ="
    },
    "@material/radio": {
      "version": "0.2.6",
      "resolved": "https://registry.npmjs.org/@material/radio/-/radio-0.2.6.tgz",
      "integrity": "sha1-ijwuWQbp4NAa8IjhEjPWot8y6s8="
    },
    "@material/ripple": {
      "version": "0.7.0",
      "resolved": "https://registry.npmjs.org/@material/ripple/-/ripple-0.7.0.tgz",
      "integrity": "sha1-6nhKbFT41JPT3yFEDc+rpwb7DKo="
    },
    "@material/rtl": {
      "version": "0.1.6",
      "resolved": "https://registry.npmjs.org/@material/rtl/-/rtl-0.1.6.tgz",
      "integrity": "sha1-ZIl/MFCyxTw3jGtKfSmYz2GyRFs="
    },
    "@material/select": {
      "version": "0.3.9",
      "resolved": "https://registry.npmjs.org/@material/select/-/select-0.3.9.tgz",
      "integrity": "sha1-1mAAJkhWzFxueDPphCMDByuvxXY="
    },
    "@material/slider": {
      "version": "0.1.1",
      "resolved": "https://registry.npmjs.org/@material/slider/-/slider-0.1.1.tgz",
      "integrity": "sha1-1GuxyAqVNIkszsn6CY4VG2mIYCM="
    },
    "@material/snackbar": {
      "version": "0.2.2",
      "resolved": "https://registry.npmjs.org/@material/snackbar/-/snackbar-0.2.2.tgz",
      "integrity": "sha1-ybKEE4bVWG+QNEtX+5wiBKifFqI="
    },
    "@material/switch": {
      "version": "0.1.9",
      "resolved": "https://registry.npmjs.org/@material/switch/-/switch-0.1.9.tgz",
      "integrity": "sha1-HdqqZnXJ45m1tN1MCQGgg4yQ5cY="
    },
    "@material/tabs": {
      "version": "0.2.2",
      "resolved": "https://registry.npmjs.org/@material/tabs/-/tabs-0.2.2.tgz",
      "integrity": "sha1-nSpdUbD2ArCKUSBoV1/CyWPnRcI="
    },
    "@material/textfield": {
      "version": "0.3.0",
      "resolved": "https://registry.npmjs.org/@material/textfield/-/textfield-0.3.0.tgz",
      "integrity": "sha1-F/RDg+VX0ymVfoJMK7AoN2x7ejQ="
    },
    "@material/theme": {
      "version": "0.1.5",
      "resolved": "https://registry.npmjs.org/@material/theme/-/theme-0.1.5.tgz",
      "integrity": "sha1-XHvZoZdNjBwOrPA34CNarZxctpk="
    },
    "@material/toolbar": {
      "version": "0.4.1",
      "resolved": "https://registry.npmjs.org/@material/toolbar/-/toolbar-0.4.1.tgz",
      "integrity": "sha1-UnSCQAIhN/B2vrxjGnK0/jLm948="
    },
    "@material/typography": {
      "version": "0.2.2",
      "resolved": "https://registry.npmjs.org/@material/typography/-/typography-0.2.2.tgz",
      "integrity": "sha1-3F8HY619blrVyGw5SzYPK0zzC7I="
    },
    "focus-trap": {
      "version": "2.3.0",
      "resolved": "https://registry.npmjs.org/focus-trap/-/focus-trap-2.3.0.tgz",
      "integrity": "sha1-B8kZZIZ9NGMV9PX434i/lkVTFuI="
    },
    "material-components-web": {
      "version": "0.14.0",
      "resolved": "https://registry.npmjs.org/material-components-web/-/material-components-web-0.14.0.tgz",
      "integrity": "sha1-ukW8nY60+MxX9am+hZUYQTWf/8c="
    },
    "tabbable": {
      "version": "1.0.6",
      "resolved": "https://registry.npmjs.org/tabbable/-/tabbable-1.0.6.tgz",
      "integrity": "sha1-fCaofqb0ol7fXtthl0WgrnQHJPw="
    }
  }
}
